// !$*UTF8*$!
{
	archiveVersion = 1;
	classes = {
	};
	objectVersion = 56;
	objects = {

/* Begin PBXBuildFile section */
		9E339CEC2A10F2CF00143495 /* UIPaddingLabel.swift in Sources */ = {isa = PBXBuildFile; fileRef = 9E339CEB2A10F2CF00143495 /* UIPaddingLabel.swift */; };
		9E339CEF2A1114D100143495 /* CountriesModel.swift in Sources */ = {isa = PBXBuildFile; fileRef = 9E339CEE2A1114D100143495 /* CountriesModel.swift */; };
		9EABCBE02A0E31440013910F /* AppDelegate.swift in Sources */ = {isa = PBXBuildFile; fileRef = 9EABCBDF2A0E31440013910F /* AppDelegate.swift */; };
		9EABCBE22A0E31440013910F /* SceneDelegate.swift in Sources */ = {isa = PBXBuildFile; fileRef = 9EABCBE12A0E31440013910F /* SceneDelegate.swift */; };
		9EABCBE92A0E31460013910F /* Assets.xcassets in Resources */ = {isa = PBXBuildFile; fileRef = 9EABCBE82A0E31460013910F /* Assets.xcassets */; };
		9EABCBEC2A0E31460013910F /* LaunchScreen.storyboard in Resources */ = {isa = PBXBuildFile; fileRef = 9EABCBEA2A0E31460013910F /* LaunchScreen.storyboard */; };
		9EABCBFA2A0E37C90013910F /* Resources.swift in Sources */ = {isa = PBXBuildFile; fileRef = 9EABCBF92A0E37C90013910F /* Resources.swift */; };
		9EABCC002A0E3CAB0013910F /* NavigationController.swift in Sources */ = {isa = PBXBuildFile; fileRef = 9EABCBFF2A0E3CAB0013910F /* NavigationController.swift */; };
		9EABCC022A0E3F400013910F /* UIColor + extension.swift in Sources */ = {isa = PBXBuildFile; fileRef = 9EABCC012A0E3F400013910F /* UIColor + extension.swift */; };
		9EABCC052A0E407C0013910F /* UIView + extension.swift in Sources */ = {isa = PBXBuildFile; fileRef = 9EABCC042A0E407C0013910F /* UIView + extension.swift */; };
		9EABCC082A0E46630013910F /* GABaseView.swift in Sources */ = {isa = PBXBuildFile; fileRef = 9EABCC072A0E46630013910F /* GABaseView.swift */; };
		9EABCC0C2A0E4C430013910F /* GABaseController.swift in Sources */ = {isa = PBXBuildFile; fileRef = 9EABCC0B2A0E4C430013910F /* GABaseController.swift */; };
		9EABCC0E2A0E4D150013910F /* CountriesListController.swift in Sources */ = {isa = PBXBuildFile; fileRef = 9EABCC0D2A0E4D150013910F /* CountriesListController.swift */; };
		9EABCC122A0E65390013910F /* SectionHeaderView.swift in Sources */ = {isa = PBXBuildFile; fileRef = 9EABCC112A0E65390013910F /* SectionHeaderView.swift */; };
		9EABCC142A0E6E810013910F /* CountryCellView.swift in Sources */ = {isa = PBXBuildFile; fileRef = 9EABCC132A0E6E810013910F /* CountryCellView.swift */; };
		9EABCC162A0EA66A0013910F /* CountryCollectionCellView.swift in Sources */ = {isa = PBXBuildFile; fileRef = 9EABCC152A0EA66A0013910F /* CountryCollectionCellView.swift */; };
		9EABCC1A2A0EA6F40013910F /* CustomCollectionCountyDetailView.swift in Sources */ = {isa = PBXBuildFile; fileRef = 9EABCC192A0EA6F40013910F /* CustomCollectionCountyDetailView.swift */; };
		9EABCC1C2A0EC22D0013910F /* GAButton.swift in Sources */ = {isa = PBXBuildFile; fileRef = 9EABCC1B2A0EC22D0013910F /* GAButton.swift */; };
		9EABCC1F2A0FAE600013910F /* CountryDetails.swift in Sources */ = {isa = PBXBuildFile; fileRef = 9EABCC1E2A0FAE600013910F /* CountryDetails.swift */; };
		9EABCC222A0FD93D0013910F /* CountryDetailsView.swift in Sources */ = {isa = PBXBuildFile; fileRef = 9EABCC212A0FD93D0013910F /* CountryDetailsView.swift */; };
/* End PBXBuildFile section */

/* Begin PBXFileReference section */
		9E339CEB2A10F2CF00143495 /* UIPaddingLabel.swift */ = {isa = PBXFileReference; lastKnownFileType = sourcecode.swift; path = UIPaddingLabel.swift; sourceTree = "<group>"; };
		9E339CEE2A1114D100143495 /* CountriesModel.swift */ = {isa = PBXFileReference; lastKnownFileType = sourcecode.swift; path = CountriesModel.swift; sourceTree = "<group>"; };
		9EABCBDC2A0E31440013910F /* Geographic atlas.app */ = {isa = PBXFileReference; explicitFileType = wrapper.application; includeInIndex = 0; path = "Geographic atlas.app"; sourceTree = BUILT_PRODUCTS_DIR; };
		9EABCBDF2A0E31440013910F /* AppDelegate.swift */ = {isa = PBXFileReference; lastKnownFileType = sourcecode.swift; path = AppDelegate.swift; sourceTree = "<group>"; };
		9EABCBE12A0E31440013910F /* SceneDelegate.swift */ = {isa = PBXFileReference; lastKnownFileType = sourcecode.swift; path = SceneDelegate.swift; sourceTree = "<group>"; };
		9EABCBE82A0E31460013910F /* Assets.xcassets */ = {isa = PBXFileReference; lastKnownFileType = folder.assetcatalog; path = Assets.xcassets; sourceTree = "<group>"; };
		9EABCBEB2A0E31460013910F /* Base */ = {isa = PBXFileReference; lastKnownFileType = file.storyboard; name = Base; path = Base.lproj/LaunchScreen.storyboard; sourceTree = "<group>"; };
		9EABCBED2A0E31460013910F /* Info.plist */ = {isa = PBXFileReference; lastKnownFileType = text.plist.xml; path = Info.plist; sourceTree = "<group>"; };
		9EABCBF32A0E317C0013910F /* README.md */ = {isa = PBXFileReference; lastKnownFileType = net.daringfireball.markdown; path = README.md; sourceTree = "<group>"; };
		9EABCBF42A0E31AB0013910F /* .gitignore */ = {isa = PBXFileReference; lastKnownFileType = text; path = .gitignore; sourceTree = "<group>"; };
		9EABCBF92A0E37C90013910F /* Resources.swift */ = {isa = PBXFileReference; lastKnownFileType = sourcecode.swift; path = Resources.swift; sourceTree = "<group>"; };
		9EABCBFF2A0E3CAB0013910F /* NavigationController.swift */ = {isa = PBXFileReference; lastKnownFileType = sourcecode.swift; path = NavigationController.swift; sourceTree = "<group>"; };
		9EABCC012A0E3F400013910F /* UIColor + extension.swift */ = {isa = PBXFileReference; lastKnownFileType = sourcecode.swift; path = "UIColor + extension.swift"; sourceTree = "<group>"; };
		9EABCC042A0E407C0013910F /* UIView + extension.swift */ = {isa = PBXFileReference; lastKnownFileType = sourcecode.swift; path = "UIView + extension.swift"; sourceTree = "<group>"; };
		9EABCC072A0E46630013910F /* GABaseView.swift */ = {isa = PBXFileReference; lastKnownFileType = sourcecode.swift; path = GABaseView.swift; sourceTree = "<group>"; };
		9EABCC0B2A0E4C430013910F /* GABaseController.swift */ = {isa = PBXFileReference; lastKnownFileType = sourcecode.swift; path = GABaseController.swift; sourceTree = "<group>"; };
		9EABCC0D2A0E4D150013910F /* CountriesListController.swift */ = {isa = PBXFileReference; lastKnownFileType = sourcecode.swift; path = CountriesListController.swift; sourceTree = "<group>"; };
		9EABCC112A0E65390013910F /* SectionHeaderView.swift */ = {isa = PBXFileReference; lastKnownFileType = sourcecode.swift; path = SectionHeaderView.swift; sourceTree = "<group>"; };
		9EABCC132A0E6E810013910F /* CountryCellView.swift */ = {isa = PBXFileReference; lastKnownFileType = sourcecode.swift; path = CountryCellView.swift; sourceTree = "<group>"; };
		9EABCC152A0EA66A0013910F /* CountryCollectionCellView.swift */ = {isa = PBXFileReference; lastKnownFileType = sourcecode.swift; path = CountryCollectionCellView.swift; sourceTree = "<group>"; };
		9EABCC192A0EA6F40013910F /* CustomCollectionCountyDetailView.swift */ = {isa = PBXFileReference; lastKnownFileType = sourcecode.swift; path = CustomCollectionCountyDetailView.swift; sourceTree = "<group>"; };
		9EABCC1B2A0EC22D0013910F /* GAButton.swift */ = {isa = PBXFileReference; lastKnownFileType = sourcecode.swift; path = GAButton.swift; sourceTree = "<group>"; };
		9EABCC1E2A0FAE600013910F /* CountryDetails.swift */ = {isa = PBXFileReference; lastKnownFileType = sourcecode.swift; path = CountryDetails.swift; sourceTree = "<group>"; };
		9EABCC212A0FD93D0013910F /* CountryDetailsView.swift */ = {isa = PBXFileReference; lastKnownFileType = sourcecode.swift; path = CountryDetailsView.swift; sourceTree = "<group>"; };
/* End PBXFileReference section */

/* Begin PBXFrameworksBuildPhase section */
		9EABCBD92A0E31440013910F /* Frameworks */ = {
			isa = PBXFrameworksBuildPhase;
			buildActionMask = 2147483647;
			files = (
			);
			runOnlyForDeploymentPostprocessing = 0;
		};
/* End PBXFrameworksBuildPhase section */

/* Begin PBXGroup section */
		9E339CEA2A10F26B00143495 /* Helper Classes */ = {
			isa = PBXGroup;
			children = (
				9E339CEB2A10F2CF00143495 /* UIPaddingLabel.swift */,
			);
			path = "Helper Classes";
			sourceTree = "<group>";
		};
		9E339CED2A11148900143495 /* Model */ = {
			isa = PBXGroup;
			children = (
				9E339CEE2A1114D100143495 /* CountriesModel.swift */,
			);
			path = Model;
			sourceTree = "<group>";
		};
		9EABCBD32A0E31440013910F = {
			isa = PBXGroup;
			children = (
				9EABCBF42A0E31AB0013910F /* .gitignore */,
				9EABCBF32A0E317C0013910F /* README.md */,
				9EABCBDE2A0E31440013910F /* Geographic atlas */,
				9EABCBDD2A0E31440013910F /* Products */,
			);
			sourceTree = "<group>";
		};
		9EABCBDD2A0E31440013910F /* Products */ = {
			isa = PBXGroup;
			children = (
				9EABCBDC2A0E31440013910F /* Geographic atlas.app */,
			);
			name = Products;
			sourceTree = "<group>";
		};
		9EABCBDE2A0E31440013910F /* Geographic atlas */ = {
			isa = PBXGroup;
			children = (
				9E339CED2A11148900143495 /* Model */,
				9EABCBF72A0E37580013910F /* Application */,
				9EABCBF82A0E37770013910F /* Supporting */,
				9EABCBFC2A0E3C130013910F /* Controller */,
				9EABCBFB2A0E37D00013910F /* Helpers */,
			);
			path = "Geographic atlas";
			sourceTree = "<group>";
		};
		9EABCBF72A0E37580013910F /* Application */ = {
			isa = PBXGroup;
			children = (
				9EABCBDF2A0E31440013910F /* AppDelegate.swift */,
				9EABCBE12A0E31440013910F /* SceneDelegate.swift */,
			);
			path = Application;
			sourceTree = "<group>";
		};
		9EABCBF82A0E37770013910F /* Supporting */ = {
			isa = PBXGroup;
			children = (
				9EABCBE82A0E31460013910F /* Assets.xcassets */,
				9EABCBEA2A0E31460013910F /* LaunchScreen.storyboard */,
				9EABCBED2A0E31460013910F /* Info.plist */,
			);
			path = Supporting;
			sourceTree = "<group>";
		};
		9EABCBFB2A0E37D00013910F /* Helpers */ = {
			isa = PBXGroup;
			children = (
				9E339CEA2A10F26B00143495 /* Helper Classes */,
				9EABCBF92A0E37C90013910F /* Resources.swift */,
				9EABCC032A0E40090013910F /* Extensions */,
			);
			path = Helpers;
			sourceTree = "<group>";
		};
		9EABCBFC2A0E3C130013910F /* Controller */ = {
			isa = PBXGroup;
			children = (
				9EABCBFD2A0E3C530013910F /* Base */,
				9EABCC062A0E46120013910F /* CountriesList */,
				9EABCC1D2A0FA9EF0013910F /* CountryDetails */,
			);
			path = Controller;
			sourceTree = "<group>";
		};
		9EABCBFD2A0E3C530013910F /* Base */ = {
			isa = PBXGroup;
			children = (
				9EABCBFE2A0E3C870013910F /* Navigation */,
				9EABCC072A0E46630013910F /* GABaseView.swift */,
				9EABCC0B2A0E4C430013910F /* GABaseController.swift */,
				9EABCC1B2A0EC22D0013910F /* GAButton.swift */,
			);
			path = Base;
			sourceTree = "<group>";
		};
		9EABCBFE2A0E3C870013910F /* Navigation */ = {
			isa = PBXGroup;
			children = (
				9EABCBFF2A0E3CAB0013910F /* NavigationController.swift */,
			);
			path = Navigation;
			sourceTree = "<group>";
		};
		9EABCC032A0E40090013910F /* Extensions */ = {
			isa = PBXGroup;
			children = (
				9EABCC012A0E3F400013910F /* UIColor + extension.swift */,
				9EABCC042A0E407C0013910F /* UIView + extension.swift */,
			);
			path = Extensions;
			sourceTree = "<group>";
		};
		9EABCC062A0E46120013910F /* CountriesList */ = {
			isa = PBXGroup;
			children = (
				9EABCC0F2A0E65140013910F /* CollectionView */,
				9EABCC0D2A0E4D150013910F /* CountriesListController.swift */,
			);
			path = CountriesList;
			sourceTree = "<group>";
		};
		9EABCC0F2A0E65140013910F /* CollectionView */ = {
			isa = PBXGroup;
			children = (
				9EABCC102A0E651F0013910F /* Views */,
			);
			path = CollectionView;
			sourceTree = "<group>";
		};
		9EABCC102A0E651F0013910F /* Views */ = {
			isa = PBXGroup;
			children = (
				9EABCC182A0EA6D30013910F /* Cell */,
				9EABCC172A0EA6CA0013910F /* Header */,
				9EABCC132A0E6E810013910F /* CountryCellView.swift */,
			);
			path = Views;
			sourceTree = "<group>";
		};
		9EABCC172A0EA6CA0013910F /* Header */ = {
			isa = PBXGroup;
			children = (
				9EABCC112A0E65390013910F /* SectionHeaderView.swift */,
			);
			path = Header;
			sourceTree = "<group>";
		};
		9EABCC182A0EA6D30013910F /* Cell */ = {
			isa = PBXGroup;
			children = (
				9EABCC152A0EA66A0013910F /* CountryCollectionCellView.swift */,
				9EABCC192A0EA6F40013910F /* CustomCollectionCountyDetailView.swift */,
			);
			path = Cell;
			sourceTree = "<group>";
		};
		9EABCC1D2A0FA9EF0013910F /* CountryDetails */ = {
			isa = PBXGroup;
			children = (
				9EABCC202A0FD90C0013910F /* Views */,
				9EABCC1E2A0FAE600013910F /* CountryDetails.swift */,
			);
			path = CountryDetails;
			sourceTree = "<group>";
		};
		9EABCC202A0FD90C0013910F /* Views */ = {
			isa = PBXGroup;
			children = (
				9EABCC212A0FD93D0013910F /* CountryDetailsView.swift */,
			);
			path = Views;
			sourceTree = "<group>";
		};
/* End PBXGroup section */

/* Begin PBXNativeTarget section */
		9EABCBDB2A0E31440013910F /* Geographic atlas */ = {
			isa = PBXNativeTarget;
			buildConfigurationList = 9EABCBF02A0E31460013910F /* Build configuration list for PBXNativeTarget "Geographic atlas" */;
			buildPhases = (
				9EABCBD82A0E31440013910F /* Sources */,
				9EABCBD92A0E31440013910F /* Frameworks */,
				9EABCBDA2A0E31440013910F /* Resources */,
			);
			buildRules = (
			);
			dependencies = (
			);
			name = "Geographic atlas";
			productName = "Geographic atlas";
			productReference = 9EABCBDC2A0E31440013910F /* Geographic atlas.app */;
			productType = "com.apple.product-type.application";
		};
/* End PBXNativeTarget section */

/* Begin PBXProject section */
		9EABCBD42A0E31440013910F /* Project object */ = {
			isa = PBXProject;
			attributes = {
				BuildIndependentTargetsInParallel = 1;
				LastSwiftUpdateCheck = 1430;
				LastUpgradeCheck = 1430;
				TargetAttributes = {
					9EABCBDB2A0E31440013910F = {
						CreatedOnToolsVersion = 14.3;
					};
				};
			};
			buildConfigurationList = 9EABCBD72A0E31440013910F /* Build configuration list for PBXProject "Geographic atlas" */;
			compatibilityVersion = "Xcode 14.0";
			developmentRegion = en;
			hasScannedForEncodings = 0;
			knownRegions = (
				en,
				Base,
			);
			mainGroup = 9EABCBD32A0E31440013910F;
			productRefGroup = 9EABCBDD2A0E31440013910F /* Products */;
			projectDirPath = "";
			projectRoot = "";
			targets = (
				9EABCBDB2A0E31440013910F /* Geographic atlas */,
			);
		};
/* End PBXProject section */

/* Begin PBXResourcesBuildPhase section */
		9EABCBDA2A0E31440013910F /* Resources */ = {
			isa = PBXResourcesBuildPhase;
			buildActionMask = 2147483647;
			files = (
				9EABCBEC2A0E31460013910F /* LaunchScreen.storyboard in Resources */,
				9EABCBE92A0E31460013910F /* Assets.xcassets in Resources */,
			);
			runOnlyForDeploymentPostprocessing = 0;
		};
/* End PBXResourcesBuildPhase section */

/* Begin PBXSourcesBuildPhase section */
		9EABCBD82A0E31440013910F /* Sources */ = {
			isa = PBXSourcesBuildPhase;
			buildActionMask = 2147483647;
			files = (
				9EABCBE02A0E31440013910F /* AppDelegate.swift in Sources */,
				9EABCC082A0E46630013910F /* GABaseView.swift in Sources */,
				9EABCBFA2A0E37C90013910F /* Resources.swift in Sources */,
				9EABCC002A0E3CAB0013910F /* NavigationController.swift in Sources */,
				9E339CEC2A10F2CF00143495 /* UIPaddingLabel.swift in Sources */,
				9EABCC0E2A0E4D150013910F /* CountriesListController.swift in Sources */,
				9EABCC162A0EA66A0013910F /* CountryCollectionCellView.swift in Sources */,
				9EABCC022A0E3F400013910F /* UIColor + extension.swift in Sources */,
				9EABCC142A0E6E810013910F /* CountryCellView.swift in Sources */,
				9EABCC222A0FD93D0013910F /* CountryDetailsView.swift in Sources */,
				9E339CEF2A1114D100143495 /* CountriesModel.swift in Sources */,
				9EABCC0C2A0E4C430013910F /* GABaseController.swift in Sources */,
				9EABCC1A2A0EA6F40013910F /* CustomCollectionCountyDetailView.swift in Sources */,
				9EABCC122A0E65390013910F /* SectionHeaderView.swift in Sources */,
				9EABCC1C2A0EC22D0013910F /* GAButton.swift in Sources */,
				9EABCC052A0E407C0013910F /* UIView + extension.swift in Sources */,
				9EABCBE22A0E31440013910F /* SceneDelegate.swift in Sources */,
				9EABCC1F2A0FAE600013910F /* CountryDetails.swift in Sources */,
			);
			runOnlyForDeploymentPostprocessing = 0;
		};
/* End PBXSourcesBuildPhase section */

/* Begin PBXVariantGroup section */
		9EABCBEA2A0E31460013910F /* LaunchScreen.storyboard */ = {
			isa = PBXVariantGroup;
			children = (
				9EABCBEB2A0E31460013910F /* Base */,
			);
			name = LaunchScreen.storyboard;
			sourceTree = "<group>";
		};
/* End PBXVariantGroup section */

/* Begin XCBuildConfiguration section */
		9EABCBEE2A0E31460013910F /* Debug */ = {
			isa = XCBuildConfiguration;
			buildSettings = {
				ALWAYS_SEARCH_USER_PATHS = NO;
				CLANG_ANALYZER_NONNULL = YES;
				CLANG_ANALYZER_NUMBER_OBJECT_CONVERSION = YES_AGGRESSIVE;
				CLANG_CXX_LANGUAGE_STANDARD = "gnu++20";
				CLANG_ENABLE_MODULES = YES;
				CLANG_ENABLE_OBJC_ARC = YES;
				CLANG_ENABLE_OBJC_WEAK = YES;
				CLANG_WARN_BLOCK_CAPTURE_AUTORELEASING = YES;
				CLANG_WARN_BOOL_CONVERSION = YES;
				CLANG_WARN_COMMA = YES;
				CLANG_WARN_CONSTANT_CONVERSION = YES;
				CLANG_WARN_DEPRECATED_OBJC_IMPLEMENTATIONS = YES;
				CLANG_WARN_DIRECT_OBJC_ISA_USAGE = YES_ERROR;
				CLANG_WARN_DOCUMENTATION_COMMENTS = YES;
				CLANG_WARN_EMPTY_BODY = YES;
				CLANG_WARN_ENUM_CONVERSION = YES;
				CLANG_WARN_INFINITE_RECURSION = YES;
				CLANG_WARN_INT_CONVERSION = YES;
				CLANG_WARN_NON_LITERAL_NULL_CONVERSION = YES;
				CLANG_WARN_OBJC_IMPLICIT_RETAIN_SELF = YES;
				CLANG_WARN_OBJC_LITERAL_CONVERSION = YES;
				CLANG_WARN_OBJC_ROOT_CLASS = YES_ERROR;
				CLANG_WARN_QUOTED_INCLUDE_IN_FRAMEWORK_HEADER = YES;
				CLANG_WARN_RANGE_LOOP_ANALYSIS = YES;
				CLANG_WARN_STRICT_PROTOTYPES = YES;
				CLANG_WARN_SUSPICIOUS_MOVE = YES;
				CLANG_WARN_UNGUARDED_AVAILABILITY = YES_AGGRESSIVE;
				CLANG_WARN_UNREACHABLE_CODE = YES;
				CLANG_WARN__DUPLICATE_METHOD_MATCH = YES;
				COPY_PHASE_STRIP = NO;
				DEBUG_INFORMATION_FORMAT = dwarf;
				ENABLE_STRICT_OBJC_MSGSEND = YES;
				ENABLE_TESTABILITY = YES;
				GCC_C_LANGUAGE_STANDARD = gnu11;
				GCC_DYNAMIC_NO_PIC = NO;
				GCC_NO_COMMON_BLOCKS = YES;
				GCC_OPTIMIZATION_LEVEL = 0;
				GCC_PREPROCESSOR_DEFINITIONS = (
					"DEBUG=1",
					"$(inherited)",
				);
				GCC_WARN_64_TO_32_BIT_CONVERSION = YES;
				GCC_WARN_ABOUT_RETURN_TYPE = YES_ERROR;
				GCC_WARN_UNDECLARED_SELECTOR = YES;
				GCC_WARN_UNINITIALIZED_AUTOS = YES_AGGRESSIVE;
				GCC_WARN_UNUSED_FUNCTION = YES;
				GCC_WARN_UNUSED_VARIABLE = YES;
				IPHONEOS_DEPLOYMENT_TARGET = 16.4;
				MTL_ENABLE_DEBUG_INFO = INCLUDE_SOURCE;
				MTL_FAST_MATH = YES;
				ONLY_ACTIVE_ARCH = YES;
				SDKROOT = iphoneos;
				SWIFT_ACTIVE_COMPILATION_CONDITIONS = DEBUG;
				SWIFT_OPTIMIZATION_LEVEL = "-Onone";
			};
			name = Debug;
		};
		9EABCBEF2A0E31460013910F /* Release */ = {
			isa = XCBuildConfiguration;
			buildSettings = {
				ALWAYS_SEARCH_USER_PATHS = NO;
				CLANG_ANALYZER_NONNULL = YES;
				CLANG_ANALYZER_NUMBER_OBJECT_CONVERSION = YES_AGGRESSIVE;
				CLANG_CXX_LANGUAGE_STANDARD = "gnu++20";
				CLANG_ENABLE_MODULES = YES;
				CLANG_ENABLE_OBJC_ARC = YES;
				CLANG_ENABLE_OBJC_WEAK = YES;
				CLANG_WARN_BLOCK_CAPTURE_AUTORELEASING = YES;
				CLANG_WARN_BOOL_CONVERSION = YES;
				CLANG_WARN_COMMA = YES;
				CLANG_WARN_CONSTANT_CONVERSION = YES;
				CLANG_WARN_DEPRECATED_OBJC_IMPLEMENTATIONS = YES;
				CLANG_WARN_DIRECT_OBJC_ISA_USAGE = YES_ERROR;
				CLANG_WARN_DOCUMENTATION_COMMENTS = YES;
				CLANG_WARN_EMPTY_BODY = YES;
				CLANG_WARN_ENUM_CONVERSION = YES;
				CLANG_WARN_INFINITE_RECURSION = YES;
				CLANG_WARN_INT_CONVERSION = YES;
				CLANG_WARN_NON_LITERAL_NULL_CONVERSION = YES;
				CLANG_WARN_OBJC_IMPLICIT_RETAIN_SELF = YES;
				CLANG_WARN_OBJC_LITERAL_CONVERSION = YES;
				CLANG_WARN_OBJC_ROOT_CLASS = YES_ERROR;
				CLANG_WARN_QUOTED_INCLUDE_IN_FRAMEWORK_HEADER = YES;
				CLANG_WARN_RANGE_LOOP_ANALYSIS = YES;
				CLANG_WARN_STRICT_PROTOTYPES = YES;
				CLANG_WARN_SUSPICIOUS_MOVE = YES;
				CLANG_WARN_UNGUARDED_AVAILABILITY = YES_AGGRESSIVE;
				CLANG_WARN_UNREACHABLE_CODE = YES;
				CLANG_WARN__DUPLICATE_METHOD_MATCH = YES;
				COPY_PHASE_STRIP = NO;
				DEBUG_INFORMATION_FORMAT = "dwarf-with-dsym";
				ENABLE_NS_ASSERTIONS = NO;
				ENABLE_STRICT_OBJC_MSGSEND = YES;
				GCC_C_LANGUAGE_STANDARD = gnu11;
				GCC_NO_COMMON_BLOCKS = YES;
				GCC_WARN_64_TO_32_BIT_CONVERSION = YES;
				GCC_WARN_ABOUT_RETURN_TYPE = YES_ERROR;
				GCC_WARN_UNDECLARED_SELECTOR = YES;
				GCC_WARN_UNINITIALIZED_AUTOS = YES_AGGRESSIVE;
				GCC_WARN_UNUSED_FUNCTION = YES;
				GCC_WARN_UNUSED_VARIABLE = YES;
				IPHONEOS_DEPLOYMENT_TARGET = 16.4;
				MTL_ENABLE_DEBUG_INFO = NO;
				MTL_FAST_MATH = YES;
				SDKROOT = iphoneos;
				SWIFT_COMPILATION_MODE = wholemodule;
				SWIFT_OPTIMIZATION_LEVEL = "-O";
				VALIDATE_PRODUCT = YES;
			};
			name = Release;
		};
		9EABCBF12A0E31460013910F /* Debug */ = {
			isa = XCBuildConfiguration;
			buildSettings = {
				ASSETCATALOG_COMPILER_APPICON_NAME = AppIcon;
				ASSETCATALOG_COMPILER_GLOBAL_ACCENT_COLOR_NAME = AccentColor;
				CODE_SIGN_STYLE = Automatic;
				CURRENT_PROJECT_VERSION = 1;
				DEVELOPMENT_TEAM = 52V9YXPJQB;
				GENERATE_INFOPLIST_FILE = YES;
				INFOPLIST_FILE = "Geographic atlas/Supporting/Info.plist";
				INFOPLIST_KEY_UIApplicationSupportsIndirectInputEvents = YES;
				INFOPLIST_KEY_UILaunchStoryboardName = LaunchScreen;
				INFOPLIST_KEY_UIStatusBarStyle = "";
				INFOPLIST_KEY_UISupportedInterfaceOrientations = UIInterfaceOrientationPortrait;
				IPHONEOS_DEPLOYMENT_TARGET = 16.0;
				LD_RUNPATH_SEARCH_PATHS = (
					"$(inherited)",
					"@executable_path/Frameworks",
				);
				MARKETING_VERSION = 1.0;
				PRODUCT_BUNDLE_IDENTIFIER = "prokodan.Geographic-atlas";
				PRODUCT_NAME = "$(TARGET_NAME)";
				SUPPORTED_PLATFORMS = "iphoneos iphonesimulator";
				SUPPORTS_MACCATALYST = NO;
				SUPPORTS_MAC_DESIGNED_FOR_IPHONE_IPAD = NO;
				SWIFT_EMIT_LOC_STRINGS = YES;
				SWIFT_VERSION = 5.0;
				TARGETED_DEVICE_FAMILY = "1,2";
			};
			name = Debug;
		};
		9EABCBF22A0E31460013910F /* Release */ = {
			isa = XCBuildConfiguration;
			buildSettings = {
				ASSETCATALOG_COMPILER_APPICON_NAME = AppIcon;
				ASSETCATALOG_COMPILER_GLOBAL_ACCENT_COLOR_NAME = AccentColor;
				CODE_SIGN_STYLE = Automatic;
				CURRENT_PROJECT_VERSION = 1;
				DEVELOPMENT_TEAM = 52V9YXPJQB;
				GENERATE_INFOPLIST_FILE = YES;
				INFOPLIST_FILE = "Geographic atlas/Supporting/Info.plist";
				INFOPLIST_KEY_UIApplicationSupportsIndirectInputEvents = YES;
				INFOPLIST_KEY_UILaunchStoryboardName = LaunchScreen;
				INFOPLIST_KEY_UIStatusBarStyle = "";
				INFOPLIST_KEY_UISupportedInterfaceOrientations = UIInterfaceOrientationPortrait;
				IPHONEOS_DEPLOYMENT_TARGET = 16.0;
				LD_RUNPATH_SEARCH_PATHS = (
					"$(inherited)",
					"@executable_path/Frameworks",
				);
				MARKETING_VERSION = 1.0;
				PRODUCT_BUNDLE_IDENTIFIER = "prokodan.Geographic-atlas";
				PRODUCT_NAME = "$(TARGET_NAME)";
				SUPPORTED_PLATFORMS = "iphoneos iphonesimulator";
				SUPPORTS_MACCATALYST = NO;
				SUPPORTS_MAC_DESIGNED_FOR_IPHONE_IPAD = NO;
				SWIFT_EMIT_LOC_STRINGS = YES;
				SWIFT_VERSION = 5.0;
				TARGETED_DEVICE_FAMILY = "1,2";
			};
			name = Release;
		};
/* End XCBuildConfiguration section */

/* Begin XCConfigurationList section */
		9EABCBD72A0E31440013910F /* Build configuration list for PBXProject "Geographic atlas" */ = {
			isa = XCConfigurationList;
			buildConfigurations = (
				9EABCBEE2A0E31460013910F /* Debug */,
				9EABCBEF2A0E31460013910F /* Release */,
			);
			defaultConfigurationIsVisible = 0;
			defaultConfigurationName = Release;
		};
		9EABCBF02A0E31460013910F /* Build configuration list for PBXNativeTarget "Geographic atlas" */ = {
			isa = XCConfigurationList;
			buildConfigurations = (
				9EABCBF12A0E31460013910F /* Debug */,
				9EABCBF22A0E31460013910F /* Release */,
			);
			defaultConfigurationIsVisible = 0;
			defaultConfigurationName = Release;
		};
/* End XCConfigurationList section */
	};
	rootObject = 9EABCBD42A0E31440013910F /* Project object */;
}
